Microsoft Visual Studio Solution File, Format Version 12.00
# Visual Studio 15
VisualStudioVersion = 15.0.27130.2020
MinimumVisualStudioVersion = 15.0.26124.0
Project("{9A19103F-16F7-4668-BE54-9A1E7A4F7556}") = "motorsportresultapi_public", "motorsportresultapi_public\motorsportresultapi_public.csproj", "{56378EAF-A721-4C73-8085-DBE72E846EC1}"
EndProject
Project("{9A19103F-16F7-4668-BE54-9A1E7A4F7556}") = "MotorsportResultAPI.Data", "..\src\MotorsportResultAPI.Data\MotorsportResultAPI.Data.csproj", "{EF654AB6-0FF5-4750-BD3D-B2B76A3D7DF9}"
EndProject
Project("{9A19103F-16F7-4668-BE54-9A1E7A4F7556}") = "MotorsportResultAPI.Types", "..\src\MotorsportResultAPI.Types\MotorsportResultAPI.Types.csproj", "{AC237214-671C-4FFA-B9D0-0939C8428B76}"
EndProject
Project("{9A19103F-16F7-4668-BE54-9A1E7A4F7556}") = "MotorsportResultAPI.Domain", "..\src\MotorsportResultAPI.Domain\MotorsportResultAPI.Domain.csproj", "{2F9FE182-6D15-4C15-90A1-EEF7D3D63CC2}"
EndProject
Global
	GlobalSection(SolutionConfigurationPlatforms) = preSolution
		Debug|Any CPU = Debug|Any CPU
		Debug|x64 = Debug|x64
		Debug|x86 = Debug|x86
		Release|Any CPU = Release|Any CPU
		Release|x64 = Release|x64
		Release|x86 = Release|x86
	EndGlobalSection
	GlobalSection(ProjectConfigurationPlatforms) = postSolution
		{56378EAF-A721-4C73-8085-DBE72E846EC1}.Debug|Any CPU.ActiveCfg = Debug|Any CPU
		{56378EAF-A721-4C73-8085-DBE72E846EC1}.Debug|Any CPU.Build.0 = Debug|Any CPU
		{56378EAF-A721-4C73-8085-DBE72E846EC1}.Debug|x64.ActiveCfg = Debug|Any CPU
		{56378EAF-A721-4C73-8085-DBE72E846EC1}.Debug|x64.Build.0 = Debug|Any CPU
		{56378EAF-A721-4C73-8085-DBE72E846EC1}.Debug|x86.ActiveCfg = Debug|Any CPU
		{56378EAF-A721-4C73-8085-DBE72E846EC1}.Debug|x86.Build.0 = Debug|Any CPU
		{56378EAF-A721-4C73-8085-DBE72E846EC1}.Release|Any CPU.ActiveCfg = Release|Any CPU
		{56378EAF-A721-4C73-8085-DBE72E846EC1}.Release|Any CPU.Build.0 = Release|Any CPU
		{56378EAF-A721-4C73-8085-DBE72E846EC1}.Release|x64.ActiveCfg = Release|Any CPU
		{56378EAF-A721-4C73-8085-DBE72E846EC1}.Release|x64.Build.0 = Release|Any CPU
		{56378EAF-A721-4C73-8085-DBE72E846EC1}.Release|x86.ActiveCfg = Release|Any CPU
		{56378EAF-A721-4C73-8085-DBE72E846EC1}.Release|x86.Build.0 = Release|Any CPU
		{EF654AB6-0FF5-4750-BD3D-B2B76A3D7DF9}.Debug|Any CPU.ActiveCfg = Debug|Any CPU
		{EF654AB6-0FF5-4750-BD3D-B2B76A3D7DF9}.Debug|Any CPU.Build.0 = Debug|Any CPU
		{EF654AB6-0FF5-4750-BD3D-B2B76A3D7DF9}.Debug|x64.ActiveCfg = Debug|Any CPU
		{EF654AB6-0FF5-4750-BD3D-B2B76A3D7DF9}.Debug|x64.Build.0 = Debug|Any CPU
		{EF654AB6-0FF5-4750-BD3D-B2B76A3D7DF9}.Debug|x86.ActiveCfg = Debug|Any CPU
		{EF654AB6-0FF5-4750-BD3D-B2B76A3D7DF9}.Debug|x86.Build.0 = Debug|Any CPU
		{EF654AB6-0FF5-4750-BD3D-B2B76A3D7DF9}.Release|Any CPU.ActiveCfg = Release|Any CPU
		{EF654AB6-0FF5-4750-BD3D-B2B76A3D7DF9}.Release|Any CPU.Build.0 = Release|Any CPU
		{EF654AB6-0FF5-4750-BD3D-B2B76A3D7DF9}.Release|x64.ActiveCfg = Release|Any CPU
		{EF654AB6-0FF5-4750-BD3D-B2B76A3D7DF9}.Release|x64.Build.0 = Release|Any CPU
		{EF654AB6-0FF5-4750-BD3D-B2B76A3D7DF9}.Release|x86.ActiveCfg = Release|Any CPU
		{EF654AB6-0FF5-4750-BD3D-B2B76A3D7DF9}.Release|x86.Build.0 = Release|Any CPU
		{AC237214-671C-4FFA-B9D0-0939C8428B76}.Debug|Any CPU.ActiveCfg = Debug|Any CPU
		{AC237214-671C-4FFA-B9D0-0939C8428B76}.Debug|Any CPU.Build.0 = Debug|Any CPU
		{AC237214-671C-4FFA-B9D0-0939C8428B76}.Debug|x64.ActiveCfg = Debug|Any CPU
		{AC237214-671C-4FFA-B9D0-0939C8428B76}.Debug|x64.Build.0 = Debug|Any CPU
		{AC237214-671C-4FFA-B9D0-0939C8428B76}.Debug|x86.ActiveCfg = Debug|Any CPU
		{AC237214-671C-4FFA-B9D0-0939C8428B76}.Debug|x86.Build.0 = Debug|Any CPU
		{AC237214-671C-4FFA-B9D0-0939C8428B76}.Release|Any CPU.ActiveCfg = Release|Any CPU
		{AC237214-671C-4FFA-B9D0-0939C8428B76}.Release|Any CPU.Build.0 = Release|Any CPU
		{AC237214-671C-4FFA-B9D0-0939C8428B76}.Release|x64.ActiveCfg = Release|Any CPU
		{AC237214-671C-4FFA-B9D0-0939C8428B76}.Release|x64.Build.0 = Release|Any CPU
		{AC237214-671C-4FFA-B9D0-0939C8428B76}.Release|x86.ActiveCfg = Release|Any CPU
		{AC237214-671C-4FFA-B9D0-0939C8428B76}.Release|x86.Build.0 = Release|Any CPU
		{2F9FE182-6D15-4C15-90A1-EEF7D3D63CC2}.Debug|Any CPU.ActiveCfg = Debug|Any CPU
		{2F9FE182-6D15-4C15-90A1-EEF7D3D63CC2}.Debug|Any CPU.Build.0 = Debug|Any CPU
		{2F9FE182-6D15-4C15-90A1-EEF7D3D63CC2}.Debug|x64.ActiveCfg = Debug|Any CPU
		{2F9FE182-6D15-4C15-90A1-EEF7D3D63CC2}.Debug|x64.Build.0 = Debug|Any CPU
		{2F9FE182-6D15-4C15-90A1-EEF7D3D63CC2}.Debug|x86.ActiveCfg = Debug|Any CPU
		{2F9FE182-6D15-4C15-90A1-EEF7D3D63CC2}.Debug|x86.Build.0 = Debug|Any CPU
		{2F9FE182-6D15-4C15-90A1-EEF7D3D63CC2}.Release|Any CPU.ActiveCfg = Release|Any CPU
		{2F9FE182-6D15-4C15-90A1-EEF7D3D63CC2}.Release|Any CPU.Build.0 = Release|Any CPU
		{2F9FE182-6D15-4C15-90A1-EEF7D3D63CC2}.Release|x64.ActiveCfg = Release|Any CPU
		{2F9FE182-6D15-4C15-90A1-EEF7D3D63CC2}.Release|x64.Build.0 = Release|Any CPU
		{2F9FE182-6D15-4C15-90A1-EEF7D3D63CC2}.Release|x86.ActiveCfg = Release|Any CPU
		{2F9FE182-6D15-4C15-90A1-EEF7D3D63CC2}.Release|x86.Build.0 = Release|Any CPU
	EndGlobalSection
	GlobalSection(SolutionProperties) = preSolution
		HideSolutionNode = FALSE
	EndGlobalSection
	GlobalSection(ExtensibilityGlobals) = postSolution
		SolutionGuid = {73F9BA49-A279-47E1-BD5E-E3BF384FB133}
	EndGlobalSection
EndGlobal
